
Microsoft Visual Studio Solution File, Format Version 12.00
# Visual Studio Version 17
VisualStudioVersion = 17.0.32014.148
MinimumVisualStudioVersion = 10.0.40219.1
Project("{FAE04EC0-301F-11D3-BF4B-00C04F79EFBC}") = "WpfAppLab", "WpfAppLab\WpfAppLab.csproj", "{D0665D98-5942-4F59-9BCA-C3D2724903B1}"
EndProject
Global
	GlobalSection(SolutionConfigurationPlatforms) = preSolution
		Debug|Any CPU = Debug|Any CPU
		Release|Any CPU = Release|Any CPU
	EndGlobalSection
	GlobalSection(ProjectConfigurationPlatforms) = postSolution
		{D0665D98-5942-4F59-9BCA-C3D2724903B1}.Debug|Any CPU.ActiveCfg = Debug|Any CPU
		{D0665D98-5942-4F59-9BCA-C3D2724903B1}.Debug|Any CPU.Build.0 = Debug|Any CPU
		{D0665D98-5942-4F59-9BCA-C3D2724903B1}.Release|Any CPU.ActiveCfg = Release|Any CPU
		{D0665D98-5942-4F59-9BCA-C3D2724903B1}.Release|Any CPU.Build.0 = Release|Any CPU
	EndGlobalSection
	GlobalSection(SolutionProperties) = preSolution
		HideSolutionNode = FALSE
	EndGlobalSection
	GlobalSection(ExtensibilityGlobals) = postSolution
		SolutionGuid = {6B63570D-16B5-42C3-8ACC-FBE515CF2C8C}
	EndGlobalSection
EndGlobal
